
Microsoft Visual Studio Solution File, Format Version 12.00
# Visual Studio Version 16
VisualStudioVersion = 16.0.29509.3
MinimumVisualStudioVersion = 10.0.40219.1
Project("{9A19103F-16F7-4668-BE54-9A1E7A4F7556}") = "DrzaveWebAPI", "DrzaveWebAPI\DrzaveWebAPI.csproj", "{83117CA6-74CE-49F3-BFA8-765DD0444E24}"
EndProject
Project("{9A19103F-16F7-4668-BE54-9A1E7A4F7556}") = "DAL", "DAL\DAL.csproj", "{0E2B39A7-C484-459A-B697-82CFF8435E0B}"
EndProject
Project("{9A19103F-16F7-4668-BE54-9A1E7A4F7556}") = "BLL", "BLL\BLL.csproj", "{650FBF25-E8A4-43F2-AEBE-7581F1C8ADE8}"
EndProject
Project("{FAE04EC0-301F-11D3-BF4B-00C04F79EFBC}") = "DALHelpers", "DALHelpers\DALHelpers.csproj", "{2F7D1B61-0BC9-4482-9BFF-7B24FC5224B2}"
EndProject
Project("{FAE04EC0-301F-11D3-BF4B-00C04F79EFBC}") = "Entities", "Entities\Entities.csproj", "{A4814DC8-D573-421D-8EF7-D8563482E331}"
EndProject
Global
	GlobalSection(SolutionConfigurationPlatforms) = preSolution
		Debug|Any CPU = Debug|Any CPU
		Release|Any CPU = Release|Any CPU
	EndGlobalSection
	GlobalSection(ProjectConfigurationPlatforms) = postSolution
		{83117CA6-74CE-49F3-BFA8-765DD0444E24}.Debug|Any CPU.ActiveCfg = Debug|Any CPU
		{83117CA6-74CE-49F3-BFA8-765DD0444E24}.Debug|Any CPU.Build.0 = Debug|Any CPU
		{83117CA6-74CE-49F3-BFA8-765DD0444E24}.Release|Any CPU.ActiveCfg = Release|Any CPU
		{83117CA6-74CE-49F3-BFA8-765DD0444E24}.Release|Any CPU.Build.0 = Release|Any CPU
		{0E2B39A7-C484-459A-B697-82CFF8435E0B}.Debug|Any CPU.ActiveCfg = Debug|Any CPU
		{0E2B39A7-C484-459A-B697-82CFF8435E0B}.Debug|Any CPU.Build.0 = Debug|Any CPU
		{0E2B39A7-C484-459A-B697-82CFF8435E0B}.Release|Any CPU.ActiveCfg = Release|Any CPU
		{0E2B39A7-C484-459A-B697-82CFF8435E0B}.Release|Any CPU.Build.0 = Release|Any CPU
		{650FBF25-E8A4-43F2-AEBE-7581F1C8ADE8}.Debug|Any CPU.ActiveCfg = Debug|Any CPU
		{650FBF25-E8A4-43F2-AEBE-7581F1C8ADE8}.Debug|Any CPU.Build.0 = Debug|Any CPU
		{650FBF25-E8A4-43F2-AEBE-7581F1C8ADE8}.Release|Any CPU.ActiveCfg = Release|Any CPU
		{650FBF25-E8A4-43F2-AEBE-7581F1C8ADE8}.Release|Any CPU.Build.0 = Release|Any CPU
		{2F7D1B61-0BC9-4482-9BFF-7B24FC5224B2}.Debug|Any CPU.ActiveCfg = Debug|Any CPU
		{2F7D1B61-0BC9-4482-9BFF-7B24FC5224B2}.Debug|Any CPU.Build.0 = Debug|Any CPU
		{2F7D1B61-0BC9-4482-9BFF-7B24FC5224B2}.Release|Any CPU.ActiveCfg = Release|Any CPU
		{2F7D1B61-0BC9-4482-9BFF-7B24FC5224B2}.Release|Any CPU.Build.0 = Release|Any CPU
		{A4814DC8-D573-421D-8EF7-D8563482E331}.Debug|Any CPU.ActiveCfg = Debug|Any CPU
		{A4814DC8-D573-421D-8EF7-D8563482E331}.Debug|Any CPU.Build.0 = Debug|Any CPU
		{A4814DC8-D573-421D-8EF7-D8563482E331}.Release|Any CPU.ActiveCfg = Release|Any CPU
		{A4814DC8-D573-421D-8EF7-D8563482E331}.Release|Any CPU.Build.0 = Release|Any CPU
	EndGlobalSection
	GlobalSection(SolutionProperties) = preSolution
		HideSolutionNode = FALSE
	EndGlobalSection
	GlobalSection(ExtensibilityGlobals) = postSolution
		SolutionGuid = {CDA38394-61E5-43B7-89C1-0F1EBCA66686}
	EndGlobalSection
EndGlobal
